
Microsoft Visual Studio Solution File, Format Version 12.00
# Visual Studio Version 17
VisualStudioVersion = 17.0.31903.59
MinimumVisualStudioVersion = 10.0.40219.1
Project("{FAE04EC0-301F-11D3-BF4B-00C04F79EFBC}") = "Wordfeud.Api", "Wordfeud.Api\Wordfeud.Api.csproj", "{69AFF3D5-BD17-4802-90B2-14351D1533F4}"
EndProject
Project("{FAE04EC0-301F-11D3-BF4B-00C04F79EFBC}") = "Wordfeud.Api.Tests", "Wordfeud.Api.Tests\Wordfeud.Api.Tests.csproj", "{1342D38E-DD66-47F5-8309-DA63DB09EBE0}"
EndProject
Project("{FAE04EC0-301F-11D3-BF4B-00C04F79EFBC}") = "Wordfeud.Api.IntegrationTests", "Wordfeud.Api.IntegrationTests\Wordfeud.Api.IntegrationTests.csproj", "{C6F45D9C-12A1-4975-8052-B6DC48A57DD9}"
EndProject
Project("{FAE04EC0-301F-11D3-BF4B-00C04F79EFBC}") = "Wordfeud.Web", "Wordfeud.Web\Wordfeud.Web.csproj", "{A1B2C3D4-E5F6-7890-ABCD-EF1234567890}"
EndProject
Global
	GlobalSection(SolutionConfigurationPlatforms) = preSolution
		Debug|Any CPU = Debug|Any CPU
		Release|Any CPU = Release|Any CPU
	EndGlobalSection
	GlobalSection(SolutionProperties) = preSolution
		HideSolutionNode = FALSE
	EndGlobalSection
	GlobalSection(ProjectConfigurationPlatforms) = postSolution
		{69AFF3D5-BD17-4802-90B2-14351D1533F4}.Debug|Any CPU.ActiveCfg = Debug|Any CPU
		{69AFF3D5-BD17-4802-90B2-14351D1533F4}.Debug|Any CPU.Build.0 = Debug|Any CPU
		{69AFF3D5-BD17-4802-90B2-14351D1533F4}.Release|Any CPU.ActiveCfg = Release|Any CPU
		{69AFF3D5-BD17-4802-90B2-14351D1533F4}.Release|Any CPU.Build.0 = Release|Any CPU
		{1342D38E-DD66-47F5-8309-DA63DB09EBE0}.Debug|Any CPU.ActiveCfg = Debug|Any CPU
		{1342D38E-DD66-47F5-8309-DA63DB09EBE0}.Debug|Any CPU.Build.0 = Debug|Any CPU
		{1342D38E-DD66-47F5-8309-DA63DB09EBE0}.Release|Any CPU.ActiveCfg = Release|Any CPU
		{1342D38E-DD66-47F5-8309-DA63DB09EBE0}.Release|Any CPU.Build.0 = Release|Any CPU
		{C6F45D9C-12A1-4975-8052-B6DC48A57DD9}.Debug|Any CPU.ActiveCfg = Debug|Any CPU
		{C6F45D9C-12A1-4975-8052-B6DC48A57DD9}.Debug|Any CPU.Build.0 = Debug|Any CPU
		{C6F45D9C-12A1-4975-8052-B6DC48A57DD9}.Release|Any CPU.ActiveCfg = Release|Any CPU
		{C6F45D9C-12A1-4975-8052-B6DC48A57DD9}.Release|Any CPU.Build.0 = Release|Any CPU
		{A1B2C3D4-E5F6-7890-ABCD-EF1234567890}.Debug|Any CPU.ActiveCfg = Debug|Any CPU
		{A1B2C3D4-E5F6-7890-ABCD-EF1234567890}.Debug|Any CPU.Build.0 = Debug|Any CPU
		{A1B2C3D4-E5F6-7890-ABCD-EF1234567890}.Release|Any CPU.ActiveCfg = Release|Any CPU
		{A1B2C3D4-E5F6-7890-ABCD-EF1234567890}.Release|Any CPU.Build.0 = Release|Any CPU
	EndGlobalSection
EndGlobal
